
Microsoft Visual Studio Solution File, Format Version 12.00
# Visual Studio 14
VisualStudioVersion = 14.0.24720.0
MinimumVisualStudioVersion = 10.0.40219.1
Project("{FAE04EC0-301F-11D3-BF4B-00C04F79EFBC}") = "TestClassLibrary", "TestClassLibrary\TestClassLibrary.csproj", "{92206DDA-64C2-4513-AFE4-4CF5BFD532D6}"
EndProject
Project("{2150E333-8FDC-42A3-9474-1A3956D46DE8}") = "Investor.Common.Service.Client", "Investor.Common.Service.Client", "{B060288C-AFC4-4124-8AF1-60DA60C04162}"
EndProject
Project("{FAE04EC0-301F-11D3-BF4B-00C04F79EFBC}") = "Investor.Common.Service.Client.Api", "Investor.Common.Service.Client.Api\Investor.Common.Service.Client.Api.csproj", "{002F9058-260C-4EB0-95B6-02F06B4AB1CA}"
EndProject
Project("{FAE04EC0-301F-11D3-BF4B-00C04F79EFBC}") = "Investor.Common.Service.Client.Logic", "Investor.Common.Service.Client.Logic\Investor.Common.Service.Client.Logic.csproj", "{971D42CE-DFC0-480C-A7C1-43BF7C064835}"
EndProject
Project("{FAE04EC0-301F-11D3-BF4B-00C04F79EFBC}") = "Investor.Common.Service.Client.Data", "Investor.Common.Service.Client.Data\Investor.Common.Service.Client.Data.csproj", "{4DFE870A-DD93-4CDC-9E2D-36D648F7EB43}"
EndProject
Project("{FAE04EC0-301F-11D3-BF4B-00C04F79EFBC}") = "Investor.Common.Service.Client.Interface", "Investor.Common.Service.Client.Interface\Investor.Common.Service.Client.Interface.csproj", "{8E48D560-199A-4B6D-9291-773DEED95161}"
EndProject
Project("{FAE04EC0-301F-11D3-BF4B-00C04F79EFBC}") = "Investor.Common.Service.Client.Poco", "Investor.Common.Service.Client.Poco\Investor.Common.Service.Client.Poco.csproj", "{6D95FAE9-04D4-4A76-AE77-544C9D5DDA5F}"
EndProject
Project("{2150E333-8FDC-42A3-9474-1A3956D46DE8}") = "Investor.Common.Shared", "Investor.Common.Shared", "{8C521B92-8D8E-4BE1-B617-EBCE10008A51}"
EndProject
Project("{FAE04EC0-301F-11D3-BF4B-00C04F79EFBC}") = "Investor.Common.Shared.IoC", "Investor.Common.Shared.IoC\Investor.Common.Shared.IoC.csproj", "{8984B55F-40EF-45E1-884F-837BA5531820}"
EndProject
Project("{FAE04EC0-301F-11D3-BF4B-00C04F79EFBC}") = "Investor.Common.Shared.OWIN", "Investor.Common.Shared.OWIN\Investor.Common.Shared.OWIN.csproj", "{24C9A027-907E-4708-9710-66B65ACF168E}"
EndProject
Project("{FAE04EC0-301F-11D3-BF4B-00C04F79EFBC}") = "Investor.Common.Service.Client.Test", "Investor.Common.Service.Client.Test\Investor.Common.Service.Client.Test.csproj", "{7C4B6402-C90D-49C4-AD69-7C1B5D9ABDCA}"
EndProject
Project("{2150E333-8FDC-42A3-9474-1A3956D46DE8}") = "Investor.Common.Service.Company", "Investor.Common.Service.Company", "{586440D0-D3C2-47BC-A844-F6BEB5165D0F}"
EndProject
Project("{FAE04EC0-301F-11D3-BF4B-00C04F79EFBC}") = "Investor.Common.Service.Company.Api", "Investor.Common.Service.Company.Api\Investor.Common.Service.Company.Api.csproj", "{F4DE0769-1F9A-4CB7-AA8E-A1A5923018E3}"
EndProject
Project("{FAE04EC0-301F-11D3-BF4B-00C04F79EFBC}") = "Investor.Common.Service.Company.Data", "Investor.Common.Service.Company.Data\Investor.Common.Service.Company.Data.csproj", "{7F219D87-1310-4FA2-A2B7-52A2CA760F23}"
EndProject
Project("{FAE04EC0-301F-11D3-BF4B-00C04F79EFBC}") = "Investor.Common.Service.Company.Interface", "Investor.Common.Service.Company.Interface\Investor.Common.Service.Company.Interface.csproj", "{22D67BE7-140A-467C-9F75-560FB7C104E2}"
EndProject
Project("{FAE04EC0-301F-11D3-BF4B-00C04F79EFBC}") = "Investor.Common.Service.Company.Logic", "Investor.Common.Service.Company.Logic\Investor.Common.Service.Company.Logic.csproj", "{EAB0EC38-EF87-4F95-81AF-8A88DD4409AF}"
EndProject
Project("{FAE04EC0-301F-11D3-BF4B-00C04F79EFBC}") = "Investor.Common.Service.Company.Poco", "Investor.Common.Service.Company.Poco\Investor.Common.Service.Company.Poco.csproj", "{71791D63-9865-465E-B765-872BB46B4575}"
EndProject
Project("{2150E333-8FDC-42A3-9474-1A3956D46DE8}") = "Investor.Common.Service.Address", "Investor.Common.Service.Address", "{C149A1C4-340A-4754-9D35-8B6426832BC2}"
EndProject
Project("{FAE04EC0-301F-11D3-BF4B-00C04F79EFBC}") = "Investor.Common.Service.Address.Poco", "Investor.Common.Service.Address.Poco\Investor.Common.Service.Address.Poco.csproj", "{724440FF-74F4-4C90-B254-3732F6A0FD08}"
EndProject
Project("{FAE04EC0-301F-11D3-BF4B-00C04F79EFBC}") = "Investor.Common.Shared.EntityFramework", "Investor.Common.Shared.EntityFramework\Investor.Common.Shared.EntityFramework.csproj", "{97103FE7-F45F-44A0-BC35-1B079210551F}"
EndProject
Global
	GlobalSection(SolutionConfigurationPlatforms) = preSolution
		Debug|Any CPU = Debug|Any CPU
		Release|Any CPU = Release|Any CPU
	EndGlobalSection
	GlobalSection(ProjectConfigurationPlatforms) = postSolution
		{92206DDA-64C2-4513-AFE4-4CF5BFD532D6}.Debug|Any CPU.ActiveCfg = Debug|Any CPU
		{92206DDA-64C2-4513-AFE4-4CF5BFD532D6}.Debug|Any CPU.Build.0 = Debug|Any CPU
		{92206DDA-64C2-4513-AFE4-4CF5BFD532D6}.Release|Any CPU.ActiveCfg = Release|Any CPU
		{92206DDA-64C2-4513-AFE4-4CF5BFD532D6}.Release|Any CPU.Build.0 = Release|Any CPU
		{002F9058-260C-4EB0-95B6-02F06B4AB1CA}.Debug|Any CPU.ActiveCfg = Debug|Any CPU
		{002F9058-260C-4EB0-95B6-02F06B4AB1CA}.Debug|Any CPU.Build.0 = Debug|Any CPU
		{002F9058-260C-4EB0-95B6-02F06B4AB1CA}.Release|Any CPU.ActiveCfg = Release|Any CPU
		{002F9058-260C-4EB0-95B6-02F06B4AB1CA}.Release|Any CPU.Build.0 = Release|Any CPU
		{971D42CE-DFC0-480C-A7C1-43BF7C064835}.Debug|Any CPU.ActiveCfg = Debug|Any CPU
		{971D42CE-DFC0-480C-A7C1-43BF7C064835}.Debug|Any CPU.Build.0 = Debug|Any CPU
		{971D42CE-DFC0-480C-A7C1-43BF7C064835}.Release|Any CPU.ActiveCfg = Release|Any CPU
		{971D42CE-DFC0-480C-A7C1-43BF7C064835}.Release|Any CPU.Build.0 = Release|Any CPU
		{4DFE870A-DD93-4CDC-9E2D-36D648F7EB43}.Debug|Any CPU.ActiveCfg = Debug|Any CPU
		{4DFE870A-DD93-4CDC-9E2D-36D648F7EB43}.Debug|Any CPU.Build.0 = Debug|Any CPU
		{4DFE870A-DD93-4CDC-9E2D-36D648F7EB43}.Release|Any CPU.ActiveCfg = Release|Any CPU
		{4DFE870A-DD93-4CDC-9E2D-36D648F7EB43}.Release|Any CPU.Build.0 = Release|Any CPU
		{8E48D560-199A-4B6D-9291-773DEED95161}.Debug|Any CPU.ActiveCfg = Debug|Any CPU
		{8E48D560-199A-4B6D-9291-773DEED95161}.Debug|Any CPU.Build.0 = Debug|Any CPU
		{8E48D560-199A-4B6D-9291-773DEED95161}.Release|Any CPU.ActiveCfg = Release|Any CPU
		{8E48D560-199A-4B6D-9291-773DEED95161}.Release|Any CPU.Build.0 = Release|Any CPU
		{6D95FAE9-04D4-4A76-AE77-544C9D5DDA5F}.Debug|Any CPU.ActiveCfg = Debug|Any CPU
		{6D95FAE9-04D4-4A76-AE77-544C9D5DDA5F}.Debug|Any CPU.Build.0 = Debug|Any CPU
		{6D95FAE9-04D4-4A76-AE77-544C9D5DDA5F}.Release|Any CPU.ActiveCfg = Release|Any CPU
		{6D95FAE9-04D4-4A76-AE77-544C9D5DDA5F}.Release|Any CPU.Build.0 = Release|Any CPU
		{8984B55F-40EF-45E1-884F-837BA5531820}.Debug|Any CPU.ActiveCfg = Debug|Any CPU
		{8984B55F-40EF-45E1-884F-837BA5531820}.Debug|Any CPU.Build.0 = Debug|Any CPU
		{8984B55F-40EF-45E1-884F-837BA5531820}.Release|Any CPU.ActiveCfg = Release|Any CPU
		{8984B55F-40EF-45E1-884F-837BA5531820}.Release|Any CPU.Build.0 = Release|Any CPU
		{24C9A027-907E-4708-9710-66B65ACF168E}.Debug|Any CPU.ActiveCfg = Debug|Any CPU
		{24C9A027-907E-4708-9710-66B65ACF168E}.Debug|Any CPU.Build.0 = Debug|Any CPU
		{24C9A027-907E-4708-9710-66B65ACF168E}.Release|Any CPU.ActiveCfg = Release|Any CPU
		{24C9A027-907E-4708-9710-66B65ACF168E}.Release|Any CPU.Build.0 = Release|Any CPU
		{7C4B6402-C90D-49C4-AD69-7C1B5D9ABDCA}.Debug|Any CPU.ActiveCfg = Debug|Any CPU
		{7C4B6402-C90D-49C4-AD69-7C1B5D9ABDCA}.Debug|Any CPU.Build.0 = Debug|Any CPU
		{7C4B6402-C90D-49C4-AD69-7C1B5D9ABDCA}.Release|Any CPU.ActiveCfg = Release|Any CPU
		{7C4B6402-C90D-49C4-AD69-7C1B5D9ABDCA}.Release|Any CPU.Build.0 = Release|Any CPU
		{F4DE0769-1F9A-4CB7-AA8E-A1A5923018E3}.Debug|Any CPU.ActiveCfg = Debug|Any CPU
		{F4DE0769-1F9A-4CB7-AA8E-A1A5923018E3}.Debug|Any CPU.Build.0 = Debug|Any CPU
		{F4DE0769-1F9A-4CB7-AA8E-A1A5923018E3}.Release|Any CPU.ActiveCfg = Release|Any CPU
		{F4DE0769-1F9A-4CB7-AA8E-A1A5923018E3}.Release|Any CPU.Build.0 = Release|Any CPU
		{7F219D87-1310-4FA2-A2B7-52A2CA760F23}.Debug|Any CPU.ActiveCfg = Debug|Any CPU
		{7F219D87-1310-4FA2-A2B7-52A2CA760F23}.Debug|Any CPU.Build.0 = Debug|Any CPU
		{7F219D87-1310-4FA2-A2B7-52A2CA760F23}.Release|Any CPU.ActiveCfg = Release|Any CPU
		{7F219D87-1310-4FA2-A2B7-52A2CA760F23}.Release|Any CPU.Build.0 = Release|Any CPU
		{22D67BE7-140A-467C-9F75-560FB7C104E2}.Debug|Any CPU.ActiveCfg = Debug|Any CPU
		{22D67BE7-140A-467C-9F75-560FB7C104E2}.Debug|Any CPU.Build.0 = Debug|Any CPU
		{22D67BE7-140A-467C-9F75-560FB7C104E2}.Release|Any CPU.ActiveCfg = Release|Any CPU
		{22D67BE7-140A-467C-9F75-560FB7C104E2}.Release|Any CPU.Build.0 = Release|Any CPU
		{EAB0EC38-EF87-4F95-81AF-8A88DD4409AF}.Debug|Any CPU.ActiveCfg = Debug|Any CPU
		{EAB0EC38-EF87-4F95-81AF-8A88DD4409AF}.Debug|Any CPU.Build.0 = Debug|Any CPU
		{EAB0EC38-EF87-4F95-81AF-8A88DD4409AF}.Release|Any CPU.ActiveCfg = Release|Any CPU
		{EAB0EC38-EF87-4F95-81AF-8A88DD4409AF}.Release|Any CPU.Build.0 = Release|Any CPU
		{71791D63-9865-465E-B765-872BB46B4575}.Debug|Any CPU.ActiveCfg = Debug|Any CPU
		{71791D63-9865-465E-B765-872BB46B4575}.Debug|Any CPU.Build.0 = Debug|Any CPU
		{71791D63-9865-465E-B765-872BB46B4575}.Release|Any CPU.ActiveCfg = Release|Any CPU
		{71791D63-9865-465E-B765-872BB46B4575}.Release|Any CPU.Build.0 = Release|Any CPU
		{724440FF-74F4-4C90-B254-3732F6A0FD08}.Debug|Any CPU.ActiveCfg = Debug|Any CPU
		{724440FF-74F4-4C90-B254-3732F6A0FD08}.Debug|Any CPU.Build.0 = Debug|Any CPU
		{724440FF-74F4-4C90-B254-3732F6A0FD08}.Release|Any CPU.ActiveCfg = Release|Any CPU
		{724440FF-74F4-4C90-B254-3732F6A0FD08}.Release|Any CPU.Build.0 = Release|Any CPU
		{97103FE7-F45F-44A0-BC35-1B079210551F}.Debug|Any CPU.ActiveCfg = Debug|Any CPU
		{97103FE7-F45F-44A0-BC35-1B079210551F}.Debug|Any CPU.Build.0 = Debug|Any CPU
		{97103FE7-F45F-44A0-BC35-1B079210551F}.Release|Any CPU.ActiveCfg = Release|Any CPU
		{97103FE7-F45F-44A0-BC35-1B079210551F}.Release|Any CPU.Build.0 = Release|Any CPU
	EndGlobalSection
	GlobalSection(SolutionProperties) = preSolution
		HideSolutionNode = FALSE
	EndGlobalSection
	GlobalSection(NestedProjects) = preSolution
		{002F9058-260C-4EB0-95B6-02F06B4AB1CA} = {B060288C-AFC4-4124-8AF1-60DA60C04162}
		{971D42CE-DFC0-480C-A7C1-43BF7C064835} = {B060288C-AFC4-4124-8AF1-60DA60C04162}
		{4DFE870A-DD93-4CDC-9E2D-36D648F7EB43} = {B060288C-AFC4-4124-8AF1-60DA60C04162}
		{8E48D560-199A-4B6D-9291-773DEED95161} = {B060288C-AFC4-4124-8AF1-60DA60C04162}
		{6D95FAE9-04D4-4A76-AE77-544C9D5DDA5F} = {B060288C-AFC4-4124-8AF1-60DA60C04162}
		{8984B55F-40EF-45E1-884F-837BA5531820} = {8C521B92-8D8E-4BE1-B617-EBCE10008A51}
		{24C9A027-907E-4708-9710-66B65ACF168E} = {8C521B92-8D8E-4BE1-B617-EBCE10008A51}
		{7C4B6402-C90D-49C4-AD69-7C1B5D9ABDCA} = {B060288C-AFC4-4124-8AF1-60DA60C04162}
		{F4DE0769-1F9A-4CB7-AA8E-A1A5923018E3} = {586440D0-D3C2-47BC-A844-F6BEB5165D0F}
		{7F219D87-1310-4FA2-A2B7-52A2CA760F23} = {586440D0-D3C2-47BC-A844-F6BEB5165D0F}
		{22D67BE7-140A-467C-9F75-560FB7C104E2} = {586440D0-D3C2-47BC-A844-F6BEB5165D0F}
		{EAB0EC38-EF87-4F95-81AF-8A88DD4409AF} = {586440D0-D3C2-47BC-A844-F6BEB5165D0F}
		{71791D63-9865-465E-B765-872BB46B4575} = {586440D0-D3C2-47BC-A844-F6BEB5165D0F}
		{724440FF-74F4-4C90-B254-3732F6A0FD08} = {C149A1C4-340A-4754-9D35-8B6426832BC2}
		{97103FE7-F45F-44A0-BC35-1B079210551F} = {8C521B92-8D8E-4BE1-B617-EBCE10008A51}
	EndGlobalSection
EndGlobal
